// !$*UTF8*$!
{
	archiveVersion = 1;
	classes = {
	};
	objectVersion = 56;
	objects = {

/* Begin PBXBuildFile section */
		667941892B1A4417008D2D1C /* AppDelegate.swift in Sources */ = {isa = PBXBuildFile; fileRef = 667941882B1A4417008D2D1C /* AppDelegate.swift */; };
		6679418B2B1A4417008D2D1C /* SceneDelegate.swift in Sources */ = {isa = PBXBuildFile; fileRef = 6679418A2B1A4417008D2D1C /* SceneDelegate.swift */; };
		6679418D2B1A4417008D2D1C /* ViewController.swift in Sources */ = {isa = PBXBuildFile; fileRef = 6679418C2B1A4417008D2D1C /* ViewController.swift */; };
		667941902B1A4417008D2D1C /* Main.storyboard in Resources */ = {isa = PBXBuildFile; fileRef = 6679418E2B1A4417008D2D1C /* Main.storyboard */; };
		667941922B1A4419008D2D1C /* Assets.xcassets in Resources */ = {isa = PBXBuildFile; fileRef = 667941912B1A4419008D2D1C /* Assets.xcassets */; };
		667941952B1A4419008D2D1C /* LaunchScreen.storyboard in Resources */ = {isa = PBXBuildFile; fileRef = 667941932B1A4419008D2D1C /* LaunchScreen.storyboard */; };
		6679419D2B1F741D008D2D1C /* DogImageController.swift in Sources */ = {isa = PBXBuildFile; fileRef = 6679419C2B1F741D008D2D1C /* DogImageController.swift */; };
		6679419F2B1F742B008D2D1C /* Dog.swift in Sources */ = {isa = PBXBuildFile; fileRef = 6679419E2B1F742B008D2D1C /* Dog.swift */; };
		667941A42B1F8559008D2D1C /* RepTableViewController.swift in Sources */ = {isa = PBXBuildFile; fileRef = 667941A32B1F8559008D2D1C /* RepTableViewController.swift */; };
		667941A82B1F890F008D2D1C /* RepresentativeController.swift in Sources */ = {isa = PBXBuildFile; fileRef = 667941A72B1F890F008D2D1C /* RepresentativeController.swift */; };
		667941AA2B1F8923008D2D1C /* Representative.swift in Sources */ = {isa = PBXBuildFile; fileRef = 667941A92B1F8923008D2D1C /* Representative.swift */; };
		667941AC2B1F8B75008D2D1C /* RepTableViewCell.swift in Sources */ = {isa = PBXBuildFile; fileRef = 667941AB2B1F8B75008D2D1C /* RepTableViewCell.swift */; };
/* End PBXBuildFile section */

/* Begin PBXFileReference section */
		667941852B1A4417008D2D1C /* DogNRep.app */ = {isa = PBXFileReference; explicitFileType = wrapper.application; includeInIndex = 0; path = DogNRep.app; sourceTree = BUILT_PRODUCTS_DIR; };
		667941882B1A4417008D2D1C /* AppDelegate.swift */ = {isa = PBXFileReference; lastKnownFileType = sourcecode.swift; path = AppDelegate.swift; sourceTree = "<group>"; };
		6679418A2B1A4417008D2D1C /* SceneDelegate.swift */ = {isa = PBXFileReference; lastKnownFileType = sourcecode.swift; path = SceneDelegate.swift; sourceTree = "<group>"; };
		6679418C2B1A4417008D2D1C /* ViewController.swift */ = {isa = PBXFileReference; lastKnownFileType = sourcecode.swift; path = ViewController.swift; sourceTree = "<group>"; };
		6679418F2B1A4417008D2D1C /* Base */ = {isa = PBXFileReference; lastKnownFileType = file.storyboard; name = Base; path = Base.lproj/Main.storyboard; sourceTree = "<group>"; };
		667941912B1A4419008D2D1C /* Assets.xcassets */ = {isa = PBXFileReference; lastKnownFileType = folder.assetcatalog; path = Assets.xcassets; sourceTree = "<group>"; };
		667941942B1A4419008D2D1C /* Base */ = {isa = PBXFileReference; lastKnownFileType = file.storyboard; name = Base; path = Base.lproj/LaunchScreen.storyboard; sourceTree = "<group>"; };
		667941962B1A4419008D2D1C /* Info.plist */ = {isa = PBXFileReference; lastKnownFileType = text.plist.xml; path = Info.plist; sourceTree = "<group>"; };
		6679419C2B1F741D008D2D1C /* DogImageController.swift */ = {isa = PBXFileReference; lastKnownFileType = sourcecode.swift; path = DogImageController.swift; sourceTree = "<group>"; };
		6679419E2B1F742B008D2D1C /* Dog.swift */ = {isa = PBXFileReference; lastKnownFileType = sourcecode.swift; path = Dog.swift; sourceTree = "<group>"; };
		667941A32B1F8559008D2D1C /* RepTableViewController.swift */ = {isa = PBXFileReference; lastKnownFileType = sourcecode.swift; path = RepTableViewController.swift; sourceTree = "<group>"; };
		667941A72B1F890F008D2D1C /* RepresentativeController.swift */ = {isa = PBXFileReference; lastKnownFileType = sourcecode.swift; path = RepresentativeController.swift; sourceTree = "<group>"; };
		667941A92B1F8923008D2D1C /* Representative.swift */ = {isa = PBXFileReference; lastKnownFileType = sourcecode.swift; path = Representative.swift; sourceTree = "<group>"; };
		667941AB2B1F8B75008D2D1C /* RepTableViewCell.swift */ = {isa = PBXFileReference; lastKnownFileType = sourcecode.swift; path = RepTableViewCell.swift; sourceTree = "<group>"; };
/* End PBXFileReference section */

/* Begin PBXFrameworksBuildPhase section */
		667941822B1A4417008D2D1C /* Frameworks */ = {
			isa = PBXFrameworksBuildPhase;
			buildActionMask = 2147483647;
			files = (
			);
			runOnlyForDeploymentPostprocessing = 0;
		};
/* End PBXFrameworksBuildPhase section */

/* Begin PBXGroup section */
		6679417C2B1A4417008D2D1C = {
			isa = PBXGroup;
			children = (
				667941872B1A4417008D2D1C /* DogNRep */,
				667941862B1A4417008D2D1C /* Products */,
			);
			sourceTree = "<group>";
		};
		667941862B1A4417008D2D1C /* Products */ = {
			isa = PBXGroup;
			children = (
				667941852B1A4417008D2D1C /* DogNRep.app */,
			);
			name = Products;
			sourceTree = "<group>";
		};
		667941872B1A4417008D2D1C /* DogNRep */ = {
			isa = PBXGroup;
			children = (
				667941882B1A4417008D2D1C /* AppDelegate.swift */,
				6679418A2B1A4417008D2D1C /* SceneDelegate.swift */,
				6679418E2B1A4417008D2D1C /* Main.storyboard */,
				667941912B1A4419008D2D1C /* Assets.xcassets */,
				667941932B1A4419008D2D1C /* LaunchScreen.storyboard */,
				667941962B1A4419008D2D1C /* Info.plist */,
				667941A02B1F7F22008D2D1C /* Dog Models */,
				667941A32B1F8559008D2D1C /* RepTableViewController.swift */,
				667941AB2B1F8B75008D2D1C /* RepTableViewCell.swift */,
				667941A92B1F8923008D2D1C /* Representative.swift */,
				667941A72B1F890F008D2D1C /* RepresentativeController.swift */,
			);
			path = DogNRep;
			sourceTree = "<group>";
		};
		667941A02B1F7F22008D2D1C /* Dog Models */ = {
			isa = PBXGroup;
			children = (
				6679418C2B1A4417008D2D1C /* ViewController.swift */,
				6679419E2B1F742B008D2D1C /* Dog.swift */,
				6679419C2B1F741D008D2D1C /* DogImageController.swift */,
			);
			path = "Dog Models";
			sourceTree = "<group>";
		};
/* End PBXGroup section */

/* Begin PBXNativeTarget section */
		667941842B1A4417008D2D1C /* DogNRep */ = {
			isa = PBXNativeTarget;
			buildConfigurationList = 667941992B1A4419008D2D1C /* Build configuration list for PBXNativeTarget "DogNRep" */;
			buildPhases = (
				667941812B1A4417008D2D1C /* Sources */,
				667941822B1A4417008D2D1C /* Frameworks */,
				667941832B1A4417008D2D1C /* Resources */,
			);
			buildRules = (
			);
			dependencies = (
			);
			name = DogNRep;
			productName = DogNRep;
			productReference = 667941852B1A4417008D2D1C /* DogNRep.app */;
			productType = "com.apple.product-type.application";
		};
/* End PBXNativeTarget section */

/* Begin PBXProject section */
		6679417D2B1A4417008D2D1C /* Project object */ = {
			isa = PBXProject;
			attributes = {
				BuildIndependentTargetsInParallel = 1;
				LastSwiftUpdateCheck = 1500;
				LastUpgradeCheck = 1500;
				TargetAttributes = {
					667941842B1A4417008D2D1C = {
						CreatedOnToolsVersion = 15.0;
					};
				};
			};
			buildConfigurationList = 667941802B1A4417008D2D1C /* Build configuration list for PBXProject "DogNRep" */;
			compatibilityVersion = "Xcode 14.0";
			developmentRegion = en;
			hasScannedForEncodings = 0;
			knownRegions = (
				en,
				Base,
			);
			mainGroup = 6679417C2B1A4417008D2D1C;
			productRefGroup = 667941862B1A4417008D2D1C /* Products */;
			projectDirPath = "";
			projectRoot = "";
			targets = (
				667941842B1A4417008D2D1C /* DogNRep */,
			);
		};
/* End PBXProject section */

/* Begin PBXResourcesBuildPhase section */
		667941832B1A4417008D2D1C /* Resources */ = {
			isa = PBXResourcesBuildPhase;
			buildActionMask = 2147483647;
			files = (
				667941952B1A4419008D2D1C /* LaunchScreen.storyboard in Resources */,
				667941922B1A4419008D2D1C /* Assets.xcassets in Resources */,
				667941902B1A4417008D2D1C /* Main.storyboard in Resources */,
			);
			runOnlyForDeploymentPostprocessing = 0;
		};
/* End PBXResourcesBuildPhase section */

/* Begin PBXSourcesBuildPhase section */
		667941812B1A4417008D2D1C /* Sources */ = {
			isa = PBXSourcesBuildPhase;
			buildActionMask = 2147483647;
			files = (
				667941AA2B1F8923008D2D1C /* Representative.swift in Sources */,
				6679419D2B1F741D008D2D1C /* DogImageController.swift in Sources */,
				6679418D2B1A4417008D2D1C /* ViewController.swift in Sources */,
				667941A82B1F890F008D2D1C /* RepresentativeController.swift in Sources */,
				667941892B1A4417008D2D1C /* AppDelegate.swift in Sources */,
				667941A42B1F8559008D2D1C /* RepTableViewController.swift in Sources */,
				6679419F2B1F742B008D2D1C /* Dog.swift in Sources */,
				667941AC2B1F8B75008D2D1C /* RepTableViewCell.swift in Sources */,
				6679418B2B1A4417008D2D1C /* SceneDelegate.swift in Sources */,
			);
			runOnlyForDeploymentPostprocessing = 0;
		};
/* End PBXSourcesBuildPhase section */

/* Begin PBXVariantGroup section */
		6679418E2B1A4417008D2D1C /* Main.storyboard */ = {
			isa = PBXVariantGroup;
			children = (
				6679418F2B1A4417008D2D1C /* Base */,
			);
			name = Main.storyboard;
			sourceTree = "<group>";
		};
		667941932B1A4419008D2D1C /* LaunchScreen.storyboard */ = {
			isa = PBXVariantGroup;
			children = (
				667941942B1A4419008D2D1C /* Base */,
			);
			name = LaunchScreen.storyboard;
			sourceTree = "<group>";
		};
/* End PBXVariantGroup section */

/* Begin XCBuildConfiguration section */
		667941972B1A4419008D2D1C /* Debug */ = {
			isa = XCBuildConfiguration;
			buildSettings = {
				ALWAYS_SEARCH_USER_PATHS = NO;
				ASSETCATALOG_COMPILER_GENERATE_SWIFT_ASSET_SYMBOL_EXTENSIONS = YES;
				CLANG_ANALYZER_NONNULL = YES;
				CLANG_ANALYZER_NUMBER_OBJECT_CONVERSION = YES_AGGRESSIVE;
				CLANG_CXX_LANGUAGE_STANDARD = "gnu++20";
				CLANG_ENABLE_MODULES = YES;
				CLANG_ENABLE_OBJC_ARC = YES;
				CLANG_ENABLE_OBJC_WEAK = YES;
				CLANG_WARN_BLOCK_CAPTURE_AUTORELEASING = YES;
				CLANG_WARN_BOOL_CONVERSION = YES;
				CLANG_WARN_COMMA = YES;
				CLANG_WARN_CONSTANT_CONVERSION = YES;
				CLANG_WARN_DEPRECATED_OBJC_IMPLEMENTATIONS = YES;
				CLANG_WARN_DIRECT_OBJC_ISA_USAGE = YES_ERROR;
				CLANG_WARN_DOCUMENTATION_COMMENTS = YES;
				CLANG_WARN_EMPTY_BODY = YES;
				CLANG_WARN_ENUM_CONVERSION = YES;
				CLANG_WARN_INFINITE_RECURSION = YES;
				CLANG_WARN_INT_CONVERSION = YES;
				CLANG_WARN_NON_LITERAL_NULL_CONVERSION = YES;
				CLANG_WARN_OBJC_IMPLICIT_RETAIN_SELF = YES;
				CLANG_WARN_OBJC_LITERAL_CONVERSION = YES;
				CLANG_WARN_OBJC_ROOT_CLASS = YES_ERROR;
				CLANG_WARN_QUOTED_INCLUDE_IN_FRAMEWORK_HEADER = YES;
				CLANG_WARN_RANGE_LOOP_ANALYSIS = YES;
				CLANG_WARN_STRICT_PROTOTYPES = YES;
				CLANG_WARN_SUSPICIOUS_MOVE = YES;
				CLANG_WARN_UNGUARDED_AVAILABILITY = YES_AGGRESSIVE;
				CLANG_WARN_UNREACHABLE_CODE = YES;
				CLANG_WARN__DUPLICATE_METHOD_MATCH = YES;
				COPY_PHASE_STRIP = NO;
				DEBUG_INFORMATION_FORMAT = dwarf;
				ENABLE_STRICT_OBJC_MSGSEND = YES;
				ENABLE_TESTABILITY = YES;
				ENABLE_USER_SCRIPT_SANDBOXING = YES;
				GCC_C_LANGUAGE_STANDARD = gnu17;
				GCC_DYNAMIC_NO_PIC = NO;
				GCC_NO_COMMON_BLOCKS = YES;
				GCC_OPTIMIZATION_LEVEL = 0;
				GCC_PREPROCESSOR_DEFINITIONS = (
					"DEBUG=1",
					"$(inherited)",
				);
				GCC_WARN_64_TO_32_BIT_CONVERSION = YES;
				GCC_WARN_ABOUT_RETURN_TYPE = YES_ERROR;
				GCC_WARN_UNDECLARED_SELECTOR = YES;
				GCC_WARN_UNINITIALIZED_AUTOS = YES_AGGRESSIVE;
				GCC_WARN_UNUSED_FUNCTION = YES;
				GCC_WARN_UNUSED_VARIABLE = YES;
				IPHONEOS_DEPLOYMENT_TARGET = 17.0;
				LOCALIZATION_PREFERS_STRING_CATALOGS = YES;
				MTL_ENABLE_DEBUG_INFO = INCLUDE_SOURCE;
				MTL_FAST_MATH = YES;
				ONLY_ACTIVE_ARCH = YES;
				SDKROOT = iphoneos;
				SWIFT_ACTIVE_COMPILATION_CONDITIONS = "DEBUG $(inherited)";
				SWIFT_OPTIMIZATION_LEVEL = "-Onone";
			};
			name = Debug;
		};
		667941982B1A4419008D2D1C /* Release */ = {
			isa = XCBuildConfiguration;
			buildSettings = {
				ALWAYS_SEARCH_USER_PATHS = NO;
				ASSETCATALOG_COMPILER_GENERATE_SWIFT_ASSET_SYMBOL_EXTENSIONS = YES;
				CLANG_ANALYZER_NONNULL = YES;
				CLANG_ANALYZER_NUMBER_OBJECT_CONVERSION = YES_AGGRESSIVE;
				CLANG_CXX_LANGUAGE_STANDARD = "gnu++20";
				CLANG_ENABLE_MODULES = YES;
				CLANG_ENABLE_OBJC_ARC = YES;
				CLANG_ENABLE_OBJC_WEAK = YES;
				CLANG_WARN_BLOCK_CAPTURE_AUTORELEASING = YES;
				CLANG_WARN_BOOL_CONVERSION = YES;
				CLANG_WARN_COMMA = YES;
				CLANG_WARN_CONSTANT_CONVERSION = YES;
				CLANG_WARN_DEPRECATED_OBJC_IMPLEMENTATIONS = YES;
				CLANG_WARN_DIRECT_OBJC_ISA_USAGE = YES_ERROR;
				CLANG_WARN_DOCUMENTATION_COMMENTS = YES;
				CLANG_WARN_EMPTY_BODY = YES;
				CLANG_WARN_ENUM_CONVERSION = YES;
				CLANG_WARN_INFINITE_RECURSION = YES;
				CLANG_WARN_INT_CONVERSION = YES;
				CLANG_WARN_NON_LITERAL_NULL_CONVERSION = YES;
				CLANG_WARN_OBJC_IMPLICIT_RETAIN_SELF = YES;
				CLANG_WARN_OBJC_LITERAL_CONVERSION = YES;
				CLANG_WARN_OBJC_ROOT_CLASS = YES_ERROR;
				CLANG_WARN_QUOTED_INCLUDE_IN_FRAMEWORK_HEADER = YES;
				CLANG_WARN_RANGE_LOOP_ANALYSIS = YES;
				CLANG_WARN_STRICT_PROTOTYPES = YES;
				CLANG_WARN_SUSPICIOUS_MOVE = YES;
				CLANG_WARN_UNGUARDED_AVAILABILITY = YES_AGGRESSIVE;
				CLANG_WARN_UNREACHABLE_CODE = YES;
				CLANG_WARN__DUPLICATE_METHOD_MATCH = YES;
				COPY_PHASE_STRIP = NO;
				DEBUG_INFORMATION_FORMAT = "dwarf-with-dsym";
				ENABLE_NS_ASSERTIONS = NO;
				ENABLE_STRICT_OBJC_MSGSEND = YES;
				ENABLE_USER_SCRIPT_SANDBOXING = YES;
				GCC_C_LANGUAGE_STANDARD = gnu17;
				GCC_NO_COMMON_BLOCKS = YES;
				GCC_WARN_64_TO_32_BIT_CONVERSION = YES;
				GCC_WARN_ABOUT_RETURN_TYPE = YES_ERROR;
				GCC_WARN_UNDECLARED_SELECTOR = YES;
				GCC_WARN_UNINITIALIZED_AUTOS = YES_AGGRESSIVE;
				GCC_WARN_UNUSED_FUNCTION = YES;
				GCC_WARN_UNUSED_VARIABLE = YES;
				IPHONEOS_DEPLOYMENT_TARGET = 17.0;
				LOCALIZATION_PREFERS_STRING_CATALOGS = YES;
				MTL_ENABLE_DEBUG_INFO = NO;
				MTL_FAST_MATH = YES;
				SDKROOT = iphoneos;
				SWIFT_COMPILATION_MODE = wholemodule;
				VALIDATE_PRODUCT = YES;
			};
			name = Release;
		};
		6679419A2B1A4419008D2D1C /* Debug */ = {
			isa = XCBuildConfiguration;
			buildSettings = {
				ASSETCATALOG_COMPILER_APPICON_NAME = AppIcon;
				ASSETCATALOG_COMPILER_GLOBAL_ACCENT_COLOR_NAME = AccentColor;
				CODE_SIGN_STYLE = Automatic;
				CURRENT_PROJECT_VERSION = 1;
				DEVELOPMENT_TEAM = A4NXCZ3P29;
				GENERATE_INFOPLIST_FILE = YES;
				INFOPLIST_FILE = DogNRep/Info.plist;
				INFOPLIST_KEY_UIApplicationSupportsIndirectInputEvents = YES;
				INFOPLIST_KEY_UILaunchStoryboardName = LaunchScreen;
				INFOPLIST_KEY_UIMainStoryboardFile = Main;
				INFOPLIST_KEY_UISupportedInterfaceOrientations_iPad = "UIInterfaceOrientationPortrait UIInterfaceOrientationPortraitUpsideDown UIInterfaceOrientationLandscapeLeft UIInterfaceOrientationLandscapeRight";
				INFOPLIST_KEY_UISupportedInterfaceOrientations_iPhone = "UIInterfaceOrientationPortrait UIInterfaceOrientationLandscapeLeft UIInterfaceOrientationLandscapeRight";
				LD_RUNPATH_SEARCH_PATHS = (
					"$(inherited)",
					"@executable_path/Frameworks",
				);
				MARKETING_VERSION = 1.0;
				PRODUCT_BUNDLE_IDENTIFIER = meganSchmoyer.DogNRep;
				PRODUCT_NAME = "$(TARGET_NAME)";
				SWIFT_EMIT_LOC_STRINGS = YES;
				SWIFT_VERSION = 5.0;
				TARGETED_DEVICE_FAMILY = "1,2";
			};
			name = Debug;
		};
		6679419B2B1A4419008D2D1C /* Release */ = {
			isa = XCBuildConfiguration;
			buildSettings = {
				ASSETCATALOG_COMPILER_APPICON_NAME = AppIcon;
				ASSETCATALOG_COMPILER_GLOBAL_ACCENT_COLOR_NAME = AccentColor;
				CODE_SIGN_STYLE = Automatic;
				CURRENT_PROJECT_VERSION = 1;
				DEVELOPMENT_TEAM = A4NXCZ3P29;
				GENERATE_INFOPLIST_FILE = YES;
				INFOPLIST_FILE = DogNRep/Info.plist;
				INFOPLIST_KEY_UIApplicationSupportsIndirectInputEvents = YES;
				INFOPLIST_KEY_UILaunchStoryboardName = LaunchScreen;
				INFOPLIST_KEY_UIMainStoryboardFile = Main;
				INFOPLIST_KEY_UISupportedInterfaceOrientations_iPad = "UIInterfaceOrientationPortrait UIInterfaceOrientationPortraitUpsideDown UIInterfaceOrientationLandscapeLeft UIInterfaceOrientationLandscapeRight";
				INFOPLIST_KEY_UISupportedInterfaceOrientations_iPhone = "UIInterfaceOrientationPortrait UIInterfaceOrientationLandscapeLeft UIInterfaceOrientationLandscapeRight";
				LD_RUNPATH_SEARCH_PATHS = (
					"$(inherited)",
					"@executable_path/Frameworks",
				);
				MARKETING_VERSION = 1.0;
				PRODUCT_BUNDLE_IDENTIFIER = meganSchmoyer.DogNRep;
				PRODUCT_NAME = "$(TARGET_NAME)";
				SWIFT_EMIT_LOC_STRINGS = YES;
				SWIFT_VERSION = 5.0;
				TARGETED_DEVICE_FAMILY = "1,2";
			};
			name = Release;
		};
/* End XCBuildConfiguration section */

/* Begin XCConfigurationList section */
		667941802B1A4417008D2D1C /* Build configuration list for PBXProject "DogNRep" */ = {
			isa = XCConfigurationList;
			buildConfigurations = (
				667941972B1A4419008D2D1C /* Debug */,
				667941982B1A4419008D2D1C /* Release */,
			);
			defaultConfigurationIsVisible = 0;
			defaultConfigurationName = Release;
		};
		667941992B1A4419008D2D1C /* Build configuration list for PBXNativeTarget "DogNRep" */ = {
			isa = XCConfigurationList;
			buildConfigurations = (
				6679419A2B1A4419008D2D1C /* Debug */,
				6679419B2B1A4419008D2D1C /* Release */,
			);
			defaultConfigurationIsVisible = 0;
			defaultConfigurationName = Release;
		};
/* End XCConfigurationList section */
	};
	rootObject = 6679417D2B1A4417008D2D1C /* Project object */;
}
